# This file was autogenerated by uv via the following command:
#    uv pip compile pyproject.toml --python-version 3.13 --python-platform aarch64-unknown-linux-gnu -o packaging/requirements-linux-aarch64.lock
anyio==4.14.2
    # via httpx
certifi==2026.7.22
    # via
    #   httpcore
    #   httpx
h11==0.16.0
    # via httpcore
httpcore==1.0.9
    # via httpx
httpx==0.28.1
    # via emrg (pyproject.toml)
idna==3.18
    # via
    #   anyio
    #   httpx
jinja2==3.1.6
    # via emrg (pyproject.toml)
markdown-it-py==4.2.0
    # via rich
markupsafe==3.0.3
    # via jinja2
mdurl==0.1.2
    # via markdown-it-py
pygments==2.20.0
    # via rich
pyyaml==6.0.3
    # via emrg (pyproject.toml)
rich==15.0.0
    # via emrg (pyproject.toml)
websockets==17.0.1
    # via emrg (pyproject.toml)
